// !$*UTF8*$!
{
	archiveVersion = 1;
	classes = {
	};
	objectVersion = 46;
	objects = {

/* Begin PBXBuildFile section */
		11921DF21AE52AC6008B47DA /* Foundation.framework in Frameworks */ = {isa = PBXBuildFile; fileRef = 11921DF11AE52AC6008B47DA /* Foundation.framework */; };
		11921DF41AE52AC6008B47DA /* CoreGraphics.framework in Frameworks */ = {isa = PBXBuildFile; fileRef = 11921DF31AE52AC6008B47DA /* CoreGraphics.framework */; };
		11921DF61AE52AC6008B47DA /* UIKit.framework in Frameworks */ = {isa = PBXBuildFile; fileRef = 11921DF51AE52AC6008B47DA /* UIKit.framework */; };
		11921DFC1AE52AC6008B47DA /* InfoPlist.strings in Resources */ = {isa = PBXBuildFile; fileRef = 11921DFA1AE52AC6008B47DA /* InfoPlist.strings */; };
		11921DFE1AE52AC6008B47DA /* main.m in Sources */ = {isa = PBXBuildFile; fileRef = 11921DFD1AE52AC6008B47DA /* main.m */; };
		11921E021AE52AC6008B47DA /* AppDelegate.m in Sources */ = {isa = PBXBuildFile; fileRef = 11921E011AE52AC6008B47DA /* AppDelegate.m */; };
		11921E051AE52AC6008B47DA /* Main.storyboard in Resources */ = {isa = PBXBuildFile; fileRef = 11921E031AE52AC6008B47DA /* Main.storyboard */; };
		11921E081AE52AC6008B47DA /* ViewController.m in Sources */ = {isa = PBXBuildFile; fileRef = 11921E071AE52AC6008B47DA /* ViewController.m */; };
		11921E0A1AE52AC6008B47DA /* Images.xcassets in Resources */ = {isa = PBXBuildFile; fileRef = 11921E091AE52AC6008B47DA /* Images.xcassets */; };
		11921E111AE52AC6008B47DA /* XCTest.framework in Frameworks */ = {isa = PBXBuildFile; fileRef = 11921E101AE52AC6008B47DA /* XCTest.framework */; };
		11921E121AE52AC6008B47DA /* Foundation.framework in Frameworks */ = {isa = PBXBuildFile; fileRef = 11921DF11AE52AC6008B47DA /* Foundation.framework */; };
		11921E131AE52AC6008B47DA /* UIKit.framework in Frameworks */ = {isa = PBXBuildFile; fileRef = 11921DF51AE52AC6008B47DA /* UIKit.framework */; };
		11921E1B1AE52AC6008B47DA /* InfoPlist.strings in Resources */ = {isa = PBXBuildFile; fileRef = 11921E191AE52AC6008B47DA /* InfoPlist.strings */; };
		11921E1D1AE52AC6008B47DA /* AFNetWorkingDemoTests.m in Sources */ = {isa = PBXBuildFile; fileRef = 11921E1C1AE52AC6008B47DA /* AFNetWorkingDemoTests.m */; };
		11921E3A1AE52C06008B47DA /* AFHTTPRequestOperation.m in Sources */ = {isa = PBXBuildFile; fileRef = 11921E281AE52C06008B47DA /* AFHTTPRequestOperation.m */; };
		11921E3B1AE52C06008B47DA /* AFHTTPRequestOperationManager.m in Sources */ = {isa = PBXBuildFile; fileRef = 11921E2A1AE52C06008B47DA /* AFHTTPRequestOperationManager.m */; };
		11921E3C1AE52C06008B47DA /* AFHTTPSessionManager.m in Sources */ = {isa = PBXBuildFile; fileRef = 11921E2C1AE52C06008B47DA /* AFHTTPSessionManager.m */; };
		11921E3D1AE52C06008B47DA /* AFNetworkReachabilityManager.m in Sources */ = {isa = PBXBuildFile; fileRef = 11921E2F1AE52C06008B47DA /* AFNetworkReachabilityManager.m */; };
		11921E3E1AE52C06008B47DA /* AFSecurityPolicy.m in Sources */ = {isa = PBXBuildFile; fileRef = 11921E311AE52C06008B47DA /* AFSecurityPolicy.m */; };
		11921E3F1AE52C06008B47DA /* AFURLConnectionOperation.m in Sources */ = {isa = PBXBuildFile; fileRef = 11921E331AE52C06008B47DA /* AFURLConnectionOperation.m */; };
		11921E401AE52C06008B47DA /* AFURLRequestSerialization.m in Sources */ = {isa = PBXBuildFile; fileRef = 11921E351AE52C06008B47DA /* AFURLRequestSerialization.m */; };
		11921E411AE52C06008B47DA /* AFURLResponseSerialization.m in Sources */ = {isa = PBXBuildFile; fileRef = 11921E371AE52C06008B47DA /* AFURLResponseSerialization.m */; };
		11921E421AE52C06008B47DA /* AFURLSessionManager.m in Sources */ = {isa = PBXBuildFile; fileRef = 11921E391AE52C06008B47DA /* AFURLSessionManager.m */; };
		11921E551AE52C16008B47DA /* AFNetworkActivityIndicatorManager.m in Sources */ = {isa = PBXBuildFile; fileRef = 11921E451AE52C16008B47DA /* AFNetworkActivityIndicatorManager.m */; };
		11921E561AE52C16008B47DA /* UIActivityIndicatorView+AFNetworking.m in Sources */ = {isa = PBXBuildFile; fileRef = 11921E471AE52C16008B47DA /* UIActivityIndicatorView+AFNetworking.m */; };
		11921E571AE52C16008B47DA /* UIAlertView+AFNetworking.m in Sources */ = {isa = PBXBuildFile; fileRef = 11921E491AE52C16008B47DA /* UIAlertView+AFNetworking.m */; };
		11921E581AE52C16008B47DA /* UIButton+AFNetworking.m in Sources */ = {isa = PBXBuildFile; fileRef = 11921E4B1AE52C16008B47DA /* UIButton+AFNetworking.m */; };
		11921E591AE52C16008B47DA /* UIImageView+AFNetworking.m in Sources */ = {isa = PBXBuildFile; fileRef = 11921E4D1AE52C16008B47DA /* UIImageView+AFNetworking.m */; };
		11921E5A1AE52C16008B47DA /* UIProgressView+AFNetworking.m in Sources */ = {isa = PBXBuildFile; fileRef = 11921E501AE52C16008B47DA /* UIProgressView+AFNetworking.m */; };
		11921E5B1AE52C16008B47DA /* UIRefreshControl+AFNetworking.m in Sources */ = {isa = PBXBuildFile; fileRef = 11921E521AE52C16008B47DA /* UIRefreshControl+AFNetworking.m */; };
		11921E5C1AE52C16008B47DA /* UIWebView+AFNetworking.m in Sources */ = {isa = PBXBuildFile; fileRef = 11921E541AE52C16008B47DA /* UIWebView+AFNetworking.m */; };
/* End PBXBuildFile section */

/* Begin PBXContainerItemProxy section */
		11921E141AE52AC6008B47DA /* PBXContainerItemProxy */ = {
			isa = PBXContainerItemProxy;
			containerPortal = 11921DE61AE52AC6008B47DA /* Project object */;
			proxyType = 1;
			remoteGlobalIDString = 11921DED1AE52AC6008B47DA;
			remoteInfo = AFNetWorkingDemo;
		};
/* End PBXContainerItemProxy section */

/* Begin PBXFileReference section */
		11921DEE1AE52AC6008B47DA /* AFNetWorkingDemo.app */ = {isa = PBXFileReference; explicitFileType = wrapper.application; includeInIndex = 0; path = AFNetWorkingDemo.app; sourceTree = BUILT_PRODUCTS_DIR; };
		11921DF11AE52AC6008B47DA /* Foundation.framework */ = {isa = PBXFileReference; lastKnownFileType = wrapper.framework; name = Foundation.framework; path = System/Library/Frameworks/Foundation.framework; sourceTree = SDKROOT; };
		11921DF31AE52AC6008B47DA /* CoreGraphics.framework */ = {isa = PBXFileReference; lastKnownFileType = wrapper.framework; name = CoreGraphics.framework; path = System/Library/Frameworks/CoreGraphics.framework; sourceTree = SDKROOT; };
		11921DF51AE52AC6008B47DA /* UIKit.framework */ = {isa = PBXFileReference; lastKnownFileType = wrapper.framework; name = UIKit.framework; path = System/Library/Frameworks/UIKit.framework; sourceTree = SDKROOT; };
		11921DF91AE52AC6008B47DA /* AFNetWorkingDemo-Info.plist */ = {isa = PBXFileReference; lastKnownFileType = text.plist.xml; path = "AFNetWorkingDemo-Info.plist"; sourceTree = "<group>"; };
		11921DFB1AE52AC6008B47DA /* en */ = {isa = PBXFileReference; lastKnownFileType = text.plist.strings; name = en; path = en.lproj/InfoPlist.strings; sourceTree = "<group>"; };
		11921DFD1AE52AC6008B47DA /* main.m */ = {isa = PBXFileReference; lastKnownFileType = sourcecode.c.objc; path = main.m; sourceTree = "<group>"; };
		11921DFF1AE52AC6008B47DA /* AFNetWorkingDemo-Prefix.pch */ = {isa = PBXFileReference; lastKnownFileType = sourcecode.c.h; path = "AFNetWorkingDemo-Prefix.pch"; sourceTree = "<group>"; };
		11921E001AE52AC6008B47DA /* AppDelegate.h */ = {isa = PBXFileReference; lastKnownFileType = sourcecode.c.h; path = AppDelegate.h; sourceTree = "<group>"; };
		11921E011AE52AC6008B47DA /* AppDelegate.m */ = {isa = PBXFileReference; lastKnownFileType = sourcecode.c.objc; path = AppDelegate.m; sourceTree = "<group>"; };
		11921E041AE52AC6008B47DA /* Base */ = {isa = PBXFileReference; lastKnownFileType = file.storyboard; name = Base; path = Base.lproj/Main.storyboard; sourceTree = "<group>"; };
		11921E061AE52AC6008B47DA /* ViewController.h */ = {isa = PBXFileReference; lastKnownFileType = sourcecode.c.h; path = ViewController.h; sourceTree = "<group>"; };
		11921E071AE52AC6008B47DA /* ViewController.m */ = {isa = PBXFileReference; lastKnownFileType = sourcecode.c.objc; path = ViewController.m; sourceTree = "<group>"; };
		11921E091AE52AC6008B47DA /* Images.xcassets */ = {isa = PBXFileReference; lastKnownFileType = folder.assetcatalog; path = Images.xcassets; sourceTree = "<group>"; };
		11921E0F1AE52AC6008B47DA /* AFNetWorkingDemoTests.xctest */ = {isa = PBXFileReference; explicitFileType = wrapper.cfbundle; includeInIndex = 0; path = AFNetWorkingDemoTests.xctest; sourceTree = BUILT_PRODUCTS_DIR; };
		11921E101AE52AC6008B47DA /* XCTest.framework */ = {isa = PBXFileReference; lastKnownFileType = wrapper.framework; name = XCTest.framework; path = Library/Frameworks/XCTest.framework; sourceTree = DEVELOPER_DIR; };
		11921E181AE52AC6008B47DA /* AFNetWorkingDemoTests-Info.plist */ = {isa = PBXFileReference; lastKnownFileType = text.plist.xml; path = "AFNetWorkingDemoTests-Info.plist"; sourceTree = "<group>"; };
		11921E1A1AE52AC6008B47DA /* en */ = {isa = PBXFileReference; lastKnownFileType = text.plist.strings; name = en; path = en.lproj/InfoPlist.strings; sourceTree = "<group>"; };
		11921E1C1AE52AC6008B47DA /* AFNetWorkingDemoTests.m */ = {isa = PBXFileReference; lastKnownFileType = sourcecode.c.objc; path = AFNetWorkingDemoTests.m; sourceTree = "<group>"; };
		11921E271AE52C06008B47DA /* AFHTTPRequestOperation.h */ = {isa = PBXFileReference; fileEncoding = 4; lastKnownFileType = sourcecode.c.h; path = AFHTTPRequestOperation.h; sourceTree = "<group>"; };
		11921E281AE52C06008B47DA /* AFHTTPRequestOperation.m */ = {isa = PBXFileReference; fileEncoding = 4; lastKnownFileType = sourcecode.c.objc; path = AFHTTPRequestOperation.m; sourceTree = "<group>"; };
		11921E291AE52C06008B47DA /* AFHTTPRequestOperationManager.h */ = {isa = PBXFileReference; fileEncoding = 4; lastKnownFileType = sourcecode.c.h; path = AFHTTPRequestOperationManager.h; sourceTree = "<group>"; };
		11921E2A1AE52C06008B47DA /* AFHTTPRequestOperationManager.m */ = {isa = PBXFileReference; fileEncoding = 4; lastKnownFileType = sourcecode.c.objc; path = AFHTTPRequestOperationManager.m; sourceTree = "<group>"; };
		11921E2B1AE52C06008B47DA /* AFHTTPSessionManager.h */ = {isa = PBXFileReference; fileEncoding = 4; lastKnownFileType = sourcecode.c.h; path = AFHTTPSessionManager.h; sourceTree = "<group>"; };
		11921E2C1AE52C06008B47DA /* AFHTTPSessionManager.m */ = {isa = PBXFileReference; fileEncoding = 4; lastKnownFileType = sourcecode.c.objc; path = AFHTTPSessionManager.m; sourceTree = "<group>"; };
		11921E2D1AE52C06008B47DA /* AFNetworking.h */ = {isa = PBXFileReference; fileEncoding = 4; lastKnownFileType = sourcecode.c.h; path = AFNetworking.h; sourceTree = "<group>"; };
		11921E2E1AE52C06008B47DA /* AFNetworkReachabilityManager.h */ = {isa = PBXFileReference; fileEncoding = 4; lastKnownFileType = sourcecode.c.h; path = AFNetworkReachabilityManager.h; sourceTree = "<group>"; };
		11921E2F1AE52C06008B47DA /* AFNetworkReachabilityManager.m */ = {isa = PBXFileReference; fileEncoding = 4; lastKnownFileType = sourcecode.c.objc; path = AFNetworkReachabilityManager.m; sourceTree = "<group>"; };
		11921E301AE52C06008B47DA /* AFSecurityPolicy.h */ = {isa = PBXFileReference; fileEncoding = 4; lastKnownFileType = sourcecode.c.h; path = AFSecurityPolicy.h; sourceTree = "<group>"; };
		11921E311AE52C06008B47DA /* AFSecurityPolicy.m */ = {isa = PBXFileReference; fileEncoding = 4; lastKnownFileType = sourcecode.c.objc; path = AFSecurityPolicy.m; sourceTree = "<group>"; };
		11921E321AE52C06008B47DA /* AFURLConnectionOperation.h */ = {isa = PBXFileReference; fileEncoding = 4; lastKnownFileType = sourcecode.c.h; path = AFURLConnectionOperation.h; sourceTree = "<group>"; };
		11921E331AE52C06008B47DA /* AFURLConnectionOperation.m */ = {isa = PBXFileReference; fileEncoding = 4; lastKnownFileType = sourcecode.c.objc; path = AFURLConnectionOperation.m; sourceTree = "<group>"; };
		11921E341AE52C06008B47DA /* AFURLRequestSerialization.h */ = {isa = PBXFileReference; fileEncoding = 4; lastKnownFileType = sourcecode.c.h; path = AFURLRequestSerialization.h; sourceTree = "<group>"; };
		11921E351AE52C06008B47DA /* AFURLRequestSerialization.m */ = {isa = PBXFileReference; fileEncoding = 4; lastKnownFileType = sourcecode.c.objc; path = AFURLRequestSerialization.m; sourceTree = "<group>"; };
		11921E361AE52C06008B47DA /* AFURLResponseSerialization.h */ = {isa = PBXFileReference; fileEncoding = 4; lastKnownFileType = sourcecode.c.h; path = AFURLResponseSerialization.h; sourceTree = "<group>"; };
		11921E371AE52C06008B47DA /* AFURLResponseSerialization.m */ = {isa = PBXFileReference; fileEncoding = 4; lastKnownFileType = sourcecode.c.objc; path = AFURLResponseSerialization.m; sourceTree = "<group>"; };
		11921E381AE52C06008B47DA /* AFURLSessionManager.h */ = {isa = PBXFileReference; fileEncoding = 4; lastKnownFileType = sourcecode.c.h; path = AFURLSessionManager.h; sourceTree = "<group>"; };
		11921E391AE52C06008B47DA /* AFURLSessionManager.m */ = {isa = PBXFileReference; fileEncoding = 4; lastKnownFileType = sourcecode.c.objc; path = AFURLSessionManager.m; sourceTree = "<group>"; };
		11921E441AE52C16008B47DA /* AFNetworkActivityIndicatorManager.h */ = {isa = PBXFileReference; fileEncoding = 4; lastKnownFileType = sourcecode.c.h; path = AFNetworkActivityIndicatorManager.h; sourceTree = "<group>"; };
		11921E451AE52C16008B47DA /* AFNetworkActivityIndicatorManager.m */ = {isa = PBXFileReference; fileEncoding = 4; lastKnownFileType = sourcecode.c.objc; path = AFNetworkActivityIndicatorManager.m; sourceTree = "<group>"; };
		11921E461AE52C16008B47DA /* UIActivityIndicatorView+AFNetworking.h */ = {isa = PBXFileReference; fileEncoding = 4; lastKnownFileType = sourcecode.c.h; path = "UIActivityIndicatorView+AFNetworking.h"; sourceTree = "<group>"; };
		11921E471AE52C16008B47DA /* UIActivityIndicatorView+AFNetworking.m */ = {isa = PBXFileReference; fileEncoding = 4; lastKnownFileType = sourcecode.c.objc; path = "UIActivityIndicatorView+AFNetworking.m"; sourceTree = "<group>"; };
		11921E481AE52C16008B47DA /* UIAlertView+AFNetworking.h */ = {isa = PBXFileReference; fileEncoding = 4; lastKnownFileType = sourcecode.c.h; path = "UIAlertView+AFNetworking.h"; sourceTree = "<group>"; };
		11921E491AE52C16008B47DA /* UIAlertView+AFNetworking.m */ = {isa = PBXFileReference; fileEncoding = 4; lastKnownFileType = sourcecode.c.objc; path = "UIAlertView+AFNetworking.m"; sourceTree = "<group>"; };
		11921E4A1AE52C16008B47DA /* UIButton+AFNetworking.h */ = {isa = PBXFileReference; fileEncoding = 4; lastKnownFileType = sourcecode.c.h; path = "UIButton+AFNetworking.h"; sourceTree = "<group>"; };
		11921E4B1AE52C16008B47DA /* UIButton+AFNetworking.m */ = {isa = PBXFileReference; fileEncoding = 4; lastKnownFileType = sourcecode.c.objc; path = "UIButton+AFNetworking.m"; sourceTree = "<group>"; };
		11921E4C1AE52C16008B47DA /* UIImageView+AFNetworking.h */ = {isa = PBXFileReference; fileEncoding = 4; lastKnownFileType = sourcecode.c.h; path = "UIImageView+AFNetworking.h"; sourceTree = "<group>"; };
		11921E4D1AE52C16008B47DA /* UIImageView+AFNetworking.m */ = {isa = PBXFileReference; fileEncoding = 4; lastKnownFileType = sourcecode.c.objc; path = "UIImageView+AFNetworking.m"; sourceTree = "<group>"; };
		11921E4E1AE52C16008B47DA /* UIKit+AFNetworking.h */ = {isa = PBXFileReference; fileEncoding = 4; lastKnownFileType = sourcecode.c.h; path = "UIKit+AFNetworking.h"; sourceTree = "<group>"; };
		11921E4F1AE52C16008B47DA /* UIProgressView+AFNetworking.h */ = {isa = PBXFileReference; fileEncoding = 4; lastKnownFileType = sourcecode.c.h; path = "UIProgressView+AFNetworking.h"; sourceTree = "<group>"; };
		11921E501AE52C16008B47DA /* UIProgressView+AFNetworking.m */ = {isa = PBXFileReference; fileEncoding = 4; lastKnownFileType = sourcecode.c.objc; path = "UIProgressView+AFNetworking.m"; sourceTree = "<group>"; };
		11921E511AE52C16008B47DA /* UIRefreshControl+AFNetworking.h */ = {isa = PBXFileReference; fileEncoding = 4; lastKnownFileType = sourcecode.c.h; path = "UIRefreshControl+AFNetworking.h"; sourceTree = "<group>"; };
		11921E521AE52C16008B47DA /* UIRefreshControl+AFNetworking.m */ = {isa = PBXFileReference; fileEncoding = 4; lastKnownFileType = sourcecode.c.objc; path = "UIRefreshControl+AFNetworking.m"; sourceTree = "<group>"; };
		11921E531AE52C16008B47DA /* UIWebView+AFNetworking.h */ = {isa = PBXFileReference; fileEncoding = 4; lastKnownFileType = sourcecode.c.h; path = "UIWebView+AFNetworking.h"; sourceTree = "<group>"; };
		11921E541AE52C16008B47DA /* UIWebView+AFNetworking.m */ = {isa = PBXFileReference; fileEncoding = 4; lastKnownFileType = sourcecode.c.objc; path = "UIWebView+AFNetworking.m"; sourceTree = "<group>"; };
/* End PBXFileReference section */

/* Begin PBXFrameworksBuildPhase section */
		11921DEB1AE52AC6008B47DA /* Frameworks */ = {
			isa = PBXFrameworksBuildPhase;
			buildActionMask = 2147483647;
			files = (
				11921DF41AE52AC6008B47DA /* CoreGraphics.framework in Frameworks */,
				11921DF61AE52AC6008B47DA /* UIKit.framework in Frameworks */,
				11921DF21AE52AC6008B47DA /* Foundation.framework in Frameworks */,
			);
			runOnlyForDeploymentPostprocessing = 0;
		};
		11921E0C1AE52AC6008B47DA /* Frameworks */ = {
			isa = PBXFrameworksBuildPhase;
			buildActionMask = 2147483647;
			files = (
				11921E111AE52AC6008B47DA /* XCTest.framework in Frameworks */,
				11921E131AE52AC6008B47DA /* UIKit.framework in Frameworks */,
				11921E121AE52AC6008B47DA /* Foundation.framework in Frameworks */,
			);
			runOnlyForDeploymentPostprocessing = 0;
		};
/* End PBXFrameworksBuildPhase section */

/* Begin PBXGroup section */
		11921DE51AE52AC6008B47DA = {
			isa = PBXGroup;
			children = (
				11921DF71AE52AC6008B47DA /* AFNetWorkingDemo */,
				11921E161AE52AC6008B47DA /* AFNetWorkingDemoTests */,
				11921DF01AE52AC6008B47DA /* Frameworks */,
				11921DEF1AE52AC6008B47DA /* Products */,
			);
			sourceTree = "<group>";
		};
		11921DEF1AE52AC6008B47DA /* Products */ = {
			isa = PBXGroup;
			children = (
				11921DEE1AE52AC6008B47DA /* AFNetWorkingDemo.app */,
				11921E0F1AE52AC6008B47DA /* AFNetWorkingDemoTests.xctest */,
			);
			name = Products;
			sourceTree = "<group>";
		};
		11921DF01AE52AC6008B47DA /* Frameworks */ = {
			isa = PBXGroup;
			children = (
				11921DF11AE52AC6008B47DA /* Foundation.framework */,
				11921DF31AE52AC6008B47DA /* CoreGraphics.framework */,
				11921DF51AE52AC6008B47DA /* UIKit.framework */,
				11921E101AE52AC6008B47DA /* XCTest.framework */,
			);
			name = Frameworks;
			sourceTree = "<group>";
		};
		11921DF71AE52AC6008B47DA /* AFNetWorkingDemo */ = {
			isa = PBXGroup;
			children = (
				11921E5D1AE52C39008B47DA /* Library */,
				11921E001AE52AC6008B47DA /* AppDelegate.h */,
				11921E011AE52AC6008B47DA /* AppDelegate.m */,
				11921E031AE52AC6008B47DA /* Main.storyboard */,
				11921E061AE52AC6008B47DA /* ViewController.h */,
				11921E071AE52AC6008B47DA /* ViewController.m */,
				11921E091AE52AC6008B47DA /* Images.xcassets */,
				11921DF81AE52AC6008B47DA /* Supporting Files */,
			);
			path = AFNetWorkingDemo;
			sourceTree = "<group>";
		};
		11921DF81AE52AC6008B47DA /* Supporting Files */ = {
			isa = PBXGroup;
			children = (
				11921DF91AE52AC6008B47DA /* AFNetWorkingDemo-Info.plist */,
				11921DFA1AE52AC6008B47DA /* InfoPlist.strings */,
				11921DFD1AE52AC6008B47DA /* main.m */,
				11921DFF1AE52AC6008B47DA /* AFNetWorkingDemo-Prefix.pch */,
			);
			name = "Supporting Files";
			sourceTree = "<group>";
		};
		11921E161AE52AC6008B47DA /* AFNetWorkingDemoTests */ = {
			isa = PBXGroup;
			children = (
				11921E1C1AE52AC6008B47DA /* AFNetWorkingDemoTests.m */,
				11921E171AE52AC6008B47DA /* Supporting Files */,
			);
			path = AFNetWorkingDemoTests;
			sourceTree = "<group>";
		};
		11921E171AE52AC6008B47DA /* Supporting Files */ = {
			isa = PBXGroup;
			children = (
				11921E181AE52AC6008B47DA /* AFNetWorkingDemoTests-Info.plist */,
				11921E191AE52AC6008B47DA /* InfoPlist.strings */,
			);
			name = "Supporting Files";
			sourceTree = "<group>";
		};
		11921E261AE52C06008B47DA /* AFNetworking */ = {
			isa = PBXGroup;
			children = (
				11921E271AE52C06008B47DA /* AFHTTPRequestOperation.h */,
				11921E281AE52C06008B47DA /* AFHTTPRequestOperation.m */,
				11921E291AE52C06008B47DA /* AFHTTPRequestOperationManager.h */,
				11921E2A1AE52C06008B47DA /* AFHTTPRequestOperationManager.m */,
				11921E2B1AE52C06008B47DA /* AFHTTPSessionManager.h */,
				11921E2C1AE52C06008B47DA /* AFHTTPSessionManager.m */,
				11921E2D1AE52C06008B47DA /* AFNetworking.h */,
				11921E2E1AE52C06008B47DA /* AFNetworkReachabilityManager.h */,
				11921E2F1AE52C06008B47DA /* AFNetworkReachabilityManager.m */,
				11921E301AE52C06008B47DA /* AFSecurityPolicy.h */,
				11921E311AE52C06008B47DA /* AFSecurityPolicy.m */,
				11921E321AE52C06008B47DA /* AFURLConnectionOperation.h */,
				11921E331AE52C06008B47DA /* AFURLConnectionOperation.m */,
				11921E341AE52C06008B47DA /* AFURLRequestSerialization.h */,
				11921E351AE52C06008B47DA /* AFURLRequestSerialization.m */,
				11921E361AE52C06008B47DA /* AFURLResponseSerialization.h */,
				11921E371AE52C06008B47DA /* AFURLResponseSerialization.m */,
				11921E381AE52C06008B47DA /* AFURLSessionManager.h */,
				11921E391AE52C06008B47DA /* AFURLSessionManager.m */,
			);
			name = AFNetworking;
			path = ../AFNetworking;
			sourceTree = "<group>";
		};
		11921E431AE52C16008B47DA /* UIKit+AFNetworking */ = {
			isa = PBXGroup;
			children = (
				11921E441AE52C16008B47DA /* AFNetworkActivityIndicatorManager.h */,
				11921E451AE52C16008B47DA /* AFNetworkActivityIndicatorManager.m */,
				11921E461AE52C16008B47DA /* UIActivityIndicatorView+AFNetworking.h */,
				11921E471AE52C16008B47DA /* UIActivityIndicatorView+AFNetworking.m */,
				11921E481AE52C16008B47DA /* UIAlertView+AFNetworking.h */,
				11921E491AE52C16008B47DA /* UIAlertView+AFNetworking.m */,
				11921E4A1AE52C16008B47DA /* UIButton+AFNetworking.h */,
				11921E4B1AE52C16008B47DA /* UIButton+AFNetworking.m */,
				11921E4C1AE52C16008B47DA /* UIImageView+AFNetworking.h */,
				11921E4D1AE52C16008B47DA /* UIImageView+AFNetworking.m */,
				11921E4E1AE52C16008B47DA /* UIKit+AFNetworking.h */,
				11921E4F1AE52C16008B47DA /* UIProgressView+AFNetworking.h */,
				11921E501AE52C16008B47DA /* UIProgressView+AFNetworking.m */,
				11921E511AE52C16008B47DA /* UIRefreshControl+AFNetworking.h */,
				11921E521AE52C16008B47DA /* UIRefreshControl+AFNetworking.m */,
				11921E531AE52C16008B47DA /* UIWebView+AFNetworking.h */,
				11921E541AE52C16008B47DA /* UIWebView+AFNetworking.m */,
			);
			name = "UIKit+AFNetworking";
			path = "../UIKit+AFNetworking";
			sourceTree = "<group>";
		};
		11921E5D1AE52C39008B47DA /* Library */ = {
			isa = PBXGroup;
			children = (
				11921E431AE52C16008B47DA /* UIKit+AFNetworking */,
				11921E261AE52C06008B47DA /* AFNetworking */,
			);
			name = Library;
			sourceTree = "<group>";
		};
/* End PBXGroup section */

/* Begin PBXNativeTarget section */
		11921DED1AE52AC6008B47DA /* AFNetWorkingDemo */ = {
			isa = PBXNativeTarget;
			buildConfigurationList = 11921E201AE52AC6008B47DA /* Build configuration list for PBXNativeTarget "AFNetWorkingDemo" */;
			buildPhases = (
				11921DEA1AE52AC6008B47DA /* Sources */,
				11921DEB1AE52AC6008B47DA /* Frameworks */,
				11921DEC1AE52AC6008B47DA /* Resources */,
			);
			buildRules = (
			);
			dependencies = (
			);
			name = AFNetWorkingDemo;
			productName = AFNetWorkingDemo;
			productReference = 11921DEE1AE52AC6008B47DA /* AFNetWorkingDemo.app */;
			productType = "com.apple.product-type.application";
		};
		11921E0E1AE52AC6008B47DA /* AFNetWorkingDemoTests */ = {
			isa = PBXNativeTarget;
			buildConfigurationList = 11921E231AE52AC6008B47DA /* Build configuration list for PBXNativeTarget "AFNetWorkingDemoTests" */;
			buildPhases = (
				11921E0B1AE52AC6008B47DA /* Sources */,
				11921E0C1AE52AC6008B47DA /* Frameworks */,
				11921E0D1AE52AC6008B47DA /* Resources */,
			);
			buildRules = (
			);
			dependencies = (
				11921E151AE52AC6008B47DA /* PBXTargetDependency */,
			);
			name = AFNetWorkingDemoTests;
			productName = AFNetWorkingDemoTests;
			productReference = 11921E0F1AE52AC6008B47DA /* AFNetWorkingDemoTests.xctest */;
			productType = "com.apple.product-type.bundle.unit-test";
		};
/* End PBXNativeTarget section */

/* Begin PBXProject section */
		11921DE61AE52AC6008B47DA /* Project object */ = {
			isa = PBXProject;
			attributes = {
				LastUpgradeCheck = 0500;
				ORGANIZATIONNAME = Org.CTIL;
				TargetAttributes = {
					11921E0E1AE52AC6008B47DA = {
						TestTargetID = 11921DED1AE52AC6008B47DA;
					};
				};
			};
			buildConfigurationList = 11921DE91AE52AC6008B47DA /* Build configuration list for PBXProject "AFNetWorkingDemo" */;
			compatibilityVersion = "Xcode 3.2";
			developmentRegion = English;
			hasScannedForEncodings = 0;
			knownRegions = (
				en,
				Base,
			);
			mainGroup = 11921DE51AE52AC6008B47DA;
			productRefGroup = 11921DEF1AE52AC6008B47DA /* Products */;
			projectDirPath = "";
			projectRoot = "";
			targets = (
				11921DED1AE52AC6008B47DA /* AFNetWorkingDemo */,
				11921E0E1AE52AC6008B47DA /* AFNetWorkingDemoTests */,
			);
		};
/* End PBXProject section */

/* Begin PBXResourcesBuildPhase section */
		11921DEC1AE52AC6008B47DA /* Resources */ = {
			isa = PBXResourcesBuildPhase;
			buildActionMask = 2147483647;
			files = (
				11921E0A1AE52AC6008B47DA /* Images.xcassets in Resources */,
				11921DFC1AE52AC6008B47DA /* InfoPlist.strings in Resources */,
				11921E051AE52AC6008B47DA /* Main.storyboard in Resources */,
			);
			runOnlyForDeploymentPostprocessing = 0;
		};
		11921E0D1AE52AC6008B47DA /* Resources */ = {
			isa = PBXResourcesBuildPhase;
			buildActionMask = 2147483647;
			files = (
				11921E1B1AE52AC6008B47DA /* InfoPlist.strings in Resources */,
			);
			runOnlyForDeploymentPostprocessing = 0;
		};
/* End PBXResourcesBuildPhase section */

/* Begin PBXSourcesBuildPhase section */
		11921DEA1AE52AC6008B47DA /* Sources */ = {
			isa = PBXSourcesBuildPhase;
			buildActionMask = 2147483647;
			files = (
				11921E3A1AE52C06008B47DA /* AFHTTPRequestOperation.m in Sources */,
				11921E591AE52C16008B47DA /* UIImageView+AFNetworking.m in Sources */,
				11921E081AE52AC6008B47DA /* ViewController.m in Sources */,
				11921E3B1AE52C06008B47DA /* AFHTTPRequestOperationManager.m in Sources */,
				11921E5A1AE52C16008B47DA /* UIProgressView+AFNetworking.m in Sources */,
				11921E3D1AE52C06008B47DA /* AFNetworkReachabilityManager.m in Sources */,
				11921E411AE52C06008B47DA /* AFURLResponseSerialization.m in Sources */,
				11921E3F1AE52C06008B47DA /* AFURLConnectionOperation.m in Sources */,
				11921E581AE52C16008B47DA /* UIButton+AFNetworking.m in Sources */,
				11921E561AE52C16008B47DA /* UIActivityIndicatorView+AFNetworking.m in Sources */,
				11921E3E1AE52C06008B47DA /* AFSecurityPolicy.m in Sources */,
				11921E5B1AE52C16008B47DA /* UIRefreshControl+AFNetworking.m in Sources */,
				11921E5C1AE52C16008B47DA /* UIWebView+AFNetworking.m in Sources */,
				11921E3C1AE52C06008B47DA /* AFHTTPSessionManager.m in Sources */,
				11921E571AE52C16008B47DA /* UIAlertView+AFNetworking.m in Sources */,
				11921E401AE52C06008B47DA /* AFURLRequestSerialization.m in Sources */,
				11921E551AE52C16008B47DA /* AFNetworkActivityIndicatorManager.m in Sources */,
				11921E421AE52C06008B47DA /* AFURLSessionManager.m in Sources */,
				11921E021AE52AC6008B47DA /* AppDelegate.m in Sources */,
				11921DFE1AE52AC6008B47DA /* main.m in Sources */,
			);
			runOnlyForDeploymentPostprocessing = 0;
		};
		11921E0B1AE52AC6008B47DA /* Sources */ = {
			isa = PBXSourcesBuildPhase;
			buildActionMask = 2147483647;
			files = (
				11921E1D1AE52AC6008B47DA /* AFNetWorkingDemoTests.m in Sources */,
			);
			runOnlyForDeploymentPostprocessing = 0;
		};
/* End PBXSourcesBuildPhase section */

/* Begin PBXTargetDependency section */
		11921E151AE52AC6008B47DA /* PBXTargetDependency */ = {
			isa = PBXTargetDependency;
			target = 11921DED1AE52AC6008B47DA /* AFNetWorkingDemo */;
			targetProxy = 11921E141AE52AC6008B47DA /* PBXContainerItemProxy */;
		};
/* End PBXTargetDependency section */

/* Begin PBXVariantGroup section */
		11921DFA1AE52AC6008B47DA /* InfoPlist.strings */ = {
			isa = PBXVariantGroup;
			children = (
				11921DFB1AE52AC6008B47DA /* en */,
			);
			name = InfoPlist.strings;
			sourceTree = "<group>";
		};
		11921E031AE52AC6008B47DA /* Main.storyboard */ = {
			isa = PBXVariantGroup;
			children = (
				11921E041AE52AC6008B47DA /* Base */,
			);
			name = Main.storyboard;
			sourceTree = "<group>";
		};
		11921E191AE52AC6008B47DA /* InfoPlist.strings */ = {
			isa = PBXVariantGroup;
			children = (
				11921E1A1AE52AC6008B47DA /* en */,
			);
			name = InfoPlist.strings;
			sourceTree = "<group>";
		};
/* End PBXVariantGroup section */

/* Begin XCBuildConfiguration section */
		11921E1E1AE52AC6008B47DA /* Debug */ = {
			isa = XCBuildConfiguration;
			buildSettings = {
				ALWAYS_SEARCH_USER_PATHS = NO;
				ARCHS = "$(ARCHS_STANDARD_INCLUDING_64_BIT)";
				CLANG_CXX_LANGUAGE_STANDARD = "gnu++0x";
				CLANG_CXX_LIBRARY = "libc++";
				CLANG_ENABLE_MODULES = YES;
				CLANG_ENABLE_OBJC_ARC = YES;
				CLANG_WARN_BOOL_CONVERSION = YES;
				CLANG_WARN_CONSTANT_CONVERSION = YES;
				CLANG_WARN_DIRECT_OBJC_ISA_USAGE = YES_ERROR;
				CLANG_WARN_EMPTY_BODY = YES;
				CLANG_WARN_ENUM_CONVERSION = YES;
				CLANG_WARN_INT_CONVERSION = YES;
				CLANG_WARN_OBJC_ROOT_CLASS = YES_ERROR;
				CLANG_WARN__DUPLICATE_METHOD_MATCH = YES;
				"CODE_SIGN_IDENTITY[sdk=iphoneos*]" = "iPhone Developer";
				COPY_PHASE_STRIP = NO;
				GCC_C_LANGUAGE_STANDARD = gnu99;
				GCC_DYNAMIC_NO_PIC = NO;
				GCC_OPTIMIZATION_LEVEL = 0;
				GCC_PREPROCESSOR_DEFINITIONS = (
					"DEBUG=1",
					"$(inherited)",
				);
				GCC_SYMBOLS_PRIVATE_EXTERN = NO;
				GCC_WARN_64_TO_32_BIT_CONVERSION = YES;
				GCC_WARN_ABOUT_RETURN_TYPE = YES_ERROR;
				GCC_WARN_UNDECLARED_SELECTOR = YES;
				GCC_WARN_UNINITIALIZED_AUTOS = YES;
				GCC_WARN_UNUSED_FUNCTION = YES;
				GCC_WARN_UNUSED_VARIABLE = YES;
				IPHONEOS_DEPLOYMENT_TARGET = 7.0;
				ONLY_ACTIVE_ARCH = YES;
				SDKROOT = iphoneos;
			};
			name = Debug;
		};
		11921E1F1AE52AC6008B47DA /* Release */ = {
			isa = XCBuildConfiguration;
			buildSettings = {
				ALWAYS_SEARCH_USER_PATHS = NO;
				ARCHS = "$(ARCHS_STANDARD_INCLUDING_64_BIT)";
				CLANG_CXX_LANGUAGE_STANDARD = "gnu++0x";
				CLANG_CXX_LIBRARY = "libc++";
				CLANG_ENABLE_MODULES = YES;
				CLANG_ENABLE_OBJC_ARC = YES;
				CLANG_WARN_BOOL_CONVERSION = YES;
				CLANG_WARN_CONSTANT_CONVERSION = YES;
				CLANG_WARN_DIRECT_OBJC_ISA_USAGE = YES_ERROR;
				CLANG_WARN_EMPTY_BODY = YES;
				CLANG_WARN_ENUM_CONVERSION = YES;
				CLANG_WARN_INT_CONVERSION = YES;
				CLANG_WARN_OBJC_ROOT_CLASS = YES_ERROR;
				CLANG_WARN__DUPLICATE_METHOD_MATCH = YES;
				"CODE_SIGN_IDENTITY[sdk=iphoneos*]" = "iPhone Developer";
				COPY_PHASE_STRIP = YES;
				ENABLE_NS_ASSERTIONS = NO;
				GCC_C_LANGUAGE_STANDARD = gnu99;
				GCC_WARN_64_TO_32_BIT_CONVERSION = YES;
				GCC_WARN_ABOUT_RETURN_TYPE = YES_ERROR;
				GCC_WARN_UNDECLARED_SELECTOR = YES;
				GCC_WARN_UNINITIALIZED_AUTOS = YES;
				GCC_WARN_UNUSED_FUNCTION = YES;
				GCC_WARN_UNUSED_VARIABLE = YES;
				IPHONEOS_DEPLOYMENT_TARGET = 7.0;
				SDKROOT = iphoneos;
				VALIDATE_PRODUCT = YES;
			};
			name = Release;
		};
		11921E211AE52AC6008B47DA /* Debug */ = {
			isa = XCBuildConfiguration;
			buildSettings = {
				ASSETCATALOG_COMPILER_APPICON_NAME = AppIcon;
				ASSETCATALOG_COMPILER_LAUNCHIMAGE_NAME = LaunchImage;
				GCC_PRECOMPILE_PREFIX_HEADER = YES;
				GCC_PREFIX_HEADER = "AFNetWorkingDemo/AFNetWorkingDemo-Prefix.pch";
				INFOPLIST_FILE = "AFNetWorkingDemo/AFNetWorkingDemo-Info.plist";
				PRODUCT_NAME = "$(TARGET_NAME)";
				WRAPPER_EXTENSION = app;
			};
			name = Debug;
		};
		11921E221AE52AC6008B47DA /* Release */ = {
			isa = XCBuildConfiguration;
			buildSettings = {
				ASSETCATALOG_COMPILER_APPICON_NAME = AppIcon;
				ASSETCATALOG_COMPILER_LAUNCHIMAGE_NAME = LaunchImage;
				GCC_PRECOMPILE_PREFIX_HEADER = YES;
				GCC_PREFIX_HEADER = "AFNetWorkingDemo/AFNetWorkingDemo-Prefix.pch";
				INFOPLIST_FILE = "AFNetWorkingDemo/AFNetWorkingDemo-Info.plist";
				PRODUCT_NAME = "$(TARGET_NAME)";
				WRAPPER_EXTENSION = app;
			};
			name = Release;
		};
		11921E241AE52AC6008B47DA /* Debug */ = {
			isa = XCBuildConfiguration;
			buildSettings = {
				ARCHS = "$(ARCHS_STANDARD_INCLUDING_64_BIT)";
				BUNDLE_LOADER = "$(BUILT_PRODUCTS_DIR)/AFNetWorkingDemo.app/AFNetWorkingDemo";
				FRAMEWORK_SEARCH_PATHS = (
					"$(SDKROOT)/Developer/Library/Frameworks",
					"$(inherited)",
					"$(DEVELOPER_FRAMEWORKS_DIR)",
				);
				GCC_PRECOMPILE_PREFIX_HEADER = YES;
				GCC_PREFIX_HEADER = "AFNetWorkingDemo/AFNetWorkingDemo-Prefix.pch";
				GCC_PREPROCESSOR_DEFINITIONS = (
					"DEBUG=1",
					"$(inherited)",
				);
				INFOPLIST_FILE = "AFNetWorkingDemoTests/AFNetWorkingDemoTests-Info.plist";
				PRODUCT_NAME = "$(TARGET_NAME)";
				TEST_HOST = "$(BUNDLE_LOADER)";
				WRAPPER_EXTENSION = xctest;
			};
			name = Debug;
		};
		11921E251AE52AC6008B47DA /* Release */ = {
			isa = XCBuildConfiguration;
			buildSettings = {
				ARCHS = "$(ARCHS_STANDARD_INCLUDING_64_BIT)";
				BUNDLE_LOADER = "$(BUILT_PRODUCTS_DIR)/AFNetWorkingDemo.app/AFNetWorkingDemo";
				FRAMEWORK_SEARCH_PATHS = (
					"$(SDKROOT)/Developer/Library/Frameworks",
					"$(inherited)",
					"$(DEVELOPER_FRAMEWORKS_DIR)",
				);
				GCC_PRECOMPILE_PREFIX_HEADER = YES;
				GCC_PREFIX_HEADER = "AFNetWorkingDemo/AFNetWorkingDemo-Prefix.pch";
				INFOPLIST_FILE = "AFNetWorkingDemoTests/AFNetWorkingDemoTests-Info.plist";
				PRODUCT_NAME = "$(TARGET_NAME)";
				TEST_HOST = "$(BUNDLE_LOADER)";
				WRAPPER_EXTENSION = xctest;
			};
			name = Release;
		};
/* End XCBuildConfiguration section */

/* Begin XCConfigurationList section */
		11921DE91AE52AC6008B47DA /* Build configuration list for PBXProject "AFNetWorkingDemo" */ = {
			isa = XCConfigurationList;
			buildConfigurations = (
				11921E1E1AE52AC6008B47DA /* Debug */,
				11921E1F1AE52AC6008B47DA /* Release */,
			);
			defaultConfigurationIsVisible = 0;
			defaultConfigurationName = Release;
		};
		11921E201AE52AC6008B47DA /* Build configuration list for PBXNativeTarget "AFNetWorkingDemo" */ = {
			isa = XCConfigurationList;
			buildConfigurations = (
				11921E211AE52AC6008B47DA /* Debug */,
				11921E221AE52AC6008B47DA /* Release */,
			);
			defaultConfigurationIsVisible = 0;
		};
		11921E231AE52AC6008B47DA /* Build configuration list for PBXNativeTarget "AFNetWorkingDemoTests" */ = {
			isa = XCConfigurationList;
			buildConfigurations = (
				11921E241AE52AC6008B47DA /* Debug */,
				11921E251AE52AC6008B47DA /* Release */,
			);
			defaultConfigurationIsVisible = 0;
		};
/* End XCConfigurationList section */
	};
	rootObject = 11921DE61AE52AC6008B47DA /* Project object */;
}
